%{"amqp": {:hex, :amqp, "0.1.1"},
  "amqp_client": {:hex, :amqp_client, "3.5.0"},
  "earmark": {:hex, :earmark, "0.1.17"},
  "eiconv": {:git, "git://github.com/OpenAperture/eiconv.git", "c6c2ca7721b167abddf66e30bb5b9d22164b4c58", []},
  "ex_doc": {:hex, :ex_doc, "0.7.3"},
  "exactor": {:hex, :exactor, "2.1.2"},
  "exjsx": {:hex, :exjsx, "3.1.0"},
  "exvcr": {:git, "git://github.com/parroty/exvcr.git", "e23652efbaa21e863f679baf040470018a1c9d20", []},
  "gen_smtp": {:hex, :gen_smtp, "0.9.0"},
  "hackney": {:hex, :hackney, "1.1.0"},
  "httpoison": {:hex, :httpoison, "0.6.2"},
  "idna": {:hex, :idna, "1.0.2"},
  "json": {:hex, :json, "0.3.2"},
  "jsx": {:hex, :jsx, "2.4.0"},
  "mailman": {:hex, :mailman, "0.1.1"},
  "meck": {:hex, :meck, "0.8.2"},
  "openaperture_auth": {:git, "https://github.com/OpenAperture/auth.git", "227f10bc6108176523b96f016f2fc57adb472320", [ref: "227f10bc6108176523b96f016f2fc57adb472320"]},
  "openaperture_manager_api": {:git, "https://github.com/OpenAperture/manager_api.git", "8e2f6bdbf9f93dcae2540b1313f9d6dfc0a254a6", [ref: "8e2f6bdbf9f93dcae2540b1313f9d6dfc0a254a6"]},
  "openaperture_messaging": {:git, "https://github.com/OpenAperture/messaging.git", "fa8eb8128176d010d29780251e4ce500068e3ec1", [ref: "fa8eb8128176d010d29780251e4ce500068e3ec1"]},
  "openaperture_overseer_api": {:git, "https://github.com/OpenAperture/overseer_api.git", "25c779ea50565cdb3f783cba644294e6238ed72a", [ref: "25c779ea50565cdb3f783cba644294e6238ed72a"]},
  "poison": {:hex, :poison, "1.3.1"},
  "rabbit_common": {:hex, :rabbit_common, "3.5.0"},
  "ssl_verify_hostname": {:hex, :ssl_verify_hostname, "1.0.5"},
  "timex": {:hex, :timex, "0.12.9"},
  "timex_extensions": {:git, "https://github.com/OpenAperture/timex_extensions.git", "ab9d8820625171afbb80ccba1aa48feeb43dd790", [ref: "ab9d8820625171afbb80ccba1aa48feeb43dd790"]},
  "uuid": {:hex, :uuid, "0.1.5"}}
