%{"amqp": {:hex, :amqp, "0.1.1"},
  "amqp_client": {:hex, :amqp_client, "3.5.0"},
  "earmark": {:hex, :earmark, "0.1.17"},
  "eiconv": {:git, "git://github.com/OpenAperture/eiconv.git", "10fb386a8b3584ec379ab81bf277d39b58b21b93", []},
  "ex_doc": {:hex, :ex_doc, "0.7.3"},
  "exactor": {:hex, :exactor, "2.1.2"},
  "exjsx": {:hex, :exjsx, "3.2.0"},
  "exvcr": {:git, "git://github.com/parroty/exvcr.git", "6217038d78460dd5e93edebcf58a90fa4f9c951a", []},
  "gen_smtp": {:hex, :gen_smtp, "0.9.0"},
  "jsx": {:hex, :jsx, "2.6.2"},
  "mailman": {:hex, :mailman, "0.1.2"},
  "meck": {:hex, :meck, "0.8.3"},
  "openaperture_auth": {:git, "https://github.com/OpenAperture/auth.git", "dc7a0813b335d3013dff60d271ae1f51fc4b5049", [ref: "dc7a0813b335d3013dff60d271ae1f51fc4b5049"]},
  "openaperture_manager_api": {:git, "https://github.com/OpenAperture/manager_api.git", "dc06f0a484410e7707dab8e96807d54a564557ed", [ref: "dc06f0a484410e7707dab8e96807d54a564557ed"]},
  "openaperture_messaging": {:git, "https://github.com/OpenAperture/messaging.git", "380ce611a038dd8f7afb4fa7f660aeac06475af0", [ref: "380ce611a038dd8f7afb4fa7f660aeac06475af0"]},
  "openaperture_overseer_api": {:git, "https://github.com/OpenAperture/overseer_api.git", "67e1ec93cf1e12e5b0e86165f33ede703a886092", [ref: "67e1ec93cf1e12e5b0e86165f33ede703a886092"]},
  "poison": {:hex, :poison, "1.4.0"},
  "rabbit_common": {:hex, :rabbit_common, "3.5.0"},
  "timex": {:hex, :timex, "0.13.5"},
  "timex_extensions": {:git, "https://github.com/OpenAperture/timex_extensions.git", "bf6fe4b5a6bd7615fc39877f64b31e285b7cc3de", [ref: "bf6fe4b5a6bd7615fc39877f64b31e285b7cc3de"]},
  "uuid": {:hex, :uuid, "0.1.5"}}
