%{"amqp": {:hex, :amqp, "0.1.1"},
  "amqp_client": {:hex, :amqp_client, "3.5.0"},
  "earmark": {:hex, :earmark, "0.1.17"},
  "eiconv": {:git, "git://github.com/OpenAperture/eiconv.git", "10fb386a8b3584ec379ab81bf277d39b58b21b93", []},
  "ex_doc": {:hex, :ex_doc, "0.7.3"},
  "exactor": {:hex, :exactor, "2.1.2"},
  "exjsx": {:hex, :exjsx, "3.2.0"},
  "exvcr": {:git, "git://github.com/parroty/exvcr.git", "6217038d78460dd5e93edebcf58a90fa4f9c951a", []},
  "gen_smtp": {:hex, :gen_smtp, "0.9.0"},
  "jsx": {:hex, :jsx, "2.6.2"},
  "mailman": {:hex, :mailman, "0.1.2"},
  "meck": {:hex, :meck, "0.8.3"},
  "openaperture_auth": {:git, "https://github.com/OpenAperture/auth.git", "dc7a0813b335d3013dff60d271ae1f51fc4b5049", [ref: "dc7a0813b335d3013dff60d271ae1f51fc4b5049"]},
  "openaperture_manager_api": {:git, "https://github.com/OpenAperture/manager_api.git", "ab5334f276b308706a91e85ca27ba937bb02fb9f", [ref: "ab5334f276b308706a91e85ca27ba937bb02fb9f"]},
  "openaperture_messaging": {:git, "https://github.com/OpenAperture/messaging.git", "fa8eb8128176d010d29780251e4ce500068e3ec1", [ref: "fa8eb8128176d010d29780251e4ce500068e3ec1"]},
  "openaperture_overseer_api": {:git, "https://github.com/OpenAperture/overseer_api.git", "25c779ea50565cdb3f783cba644294e6238ed72a", [ref: "25c779ea50565cdb3f783cba644294e6238ed72a"]},
  "poison": {:hex, :poison, "1.4.0"},
  "rabbit_common": {:hex, :rabbit_common, "3.5.0"},
  "timex": {:hex, :timex, "0.12.9"},
  "timex_extensions": {:git, "https://github.com/OpenAperture/timex_extensions.git", "ab9d8820625171afbb80ccba1aa48feeb43dd790", [ref: "ab9d8820625171afbb80ccba1aa48feeb43dd790"]},
  "uuid": {:hex, :uuid, "0.1.5"}}
